
Microsoft Visual Studio Solution File, Format Version 12.00
# Visual Studio Version 17
VisualStudioVersion = 17.5.002.0
MinimumVisualStudioVersion = 10.0.40219.1
Project("{9A19103F-16F7-4668-BE54-9A1E7A4F7556}") = "ClasseObjeto", "ClasseObjeto\ClasseObjeto.csproj", "{0CDFAD45-9182-4FF8-BCFE-47AF6C3115A8}"
EndProject
Global
	GlobalSection(SolutionConfigurationPlatforms) = preSolution
		Debug|Any CPU = Debug|Any CPU
		Release|Any CPU = Release|Any CPU
	EndGlobalSection
	GlobalSection(ProjectConfigurationPlatforms) = postSolution
		{0CDFAD45-9182-4FF8-BCFE-47AF6C3115A8}.Debug|Any CPU.ActiveCfg = Debug|Any CPU
		{0CDFAD45-9182-4FF8-BCFE-47AF6C3115A8}.Debug|Any CPU.Build.0 = Debug|Any CPU
		{0CDFAD45-9182-4FF8-BCFE-47AF6C3115A8}.Release|Any CPU.ActiveCfg = Release|Any CPU
		{0CDFAD45-9182-4FF8-BCFE-47AF6C3115A8}.Release|Any CPU.Build.0 = Release|Any CPU
	EndGlobalSection
	GlobalSection(SolutionProperties) = preSolution
		HideSolutionNode = FALSE
	EndGlobalSection
	GlobalSection(ExtensibilityGlobals) = postSolution
		SolutionGuid = {AA7F21A3-9672-40CC-9C6F-529BCF7A9C29}
	EndGlobalSection
EndGlobal
